
Microsoft Visual Studio Solution File, Format Version 11.00
# Visual C# Express 2010
Project("{FAE04EC0-301F-11D3-BF4B-00C04F79EFBC}") = "N3DSCmbViewer", "N3DSCmbViewer\N3DSCmbViewer.csproj", "{BA569D8C-09D3-4BFC-B49F-7432A5FC7139}"
EndProject
Project("{FAE04EC0-301F-11D3-BF4B-00C04F79EFBC}") = "Aglex", "..\Aglex\Aglex\Aglex.csproj", "{A3F8E581-B021-48CE-934F-79F070D64821}"
EndProject
Global
	GlobalSection(SolutionConfigurationPlatforms) = preSolution
		Debug|Any CPU = Debug|Any CPU
		Debug|Mixed Platforms = Debug|Mixed Platforms
		Debug|x86 = Debug|x86
		Release|Any CPU = Release|Any CPU
		Release|Mixed Platforms = Release|Mixed Platforms
		Release|x86 = Release|x86
	EndGlobalSection
	GlobalSection(ProjectConfigurationPlatforms) = postSolution
		{BA569D8C-09D3-4BFC-B49F-7432A5FC7139}.Debug|Any CPU.ActiveCfg = Debug|x86
		{BA569D8C-09D3-4BFC-B49F-7432A5FC7139}.Debug|Mixed Platforms.ActiveCfg = Debug|x86
		{BA569D8C-09D3-4BFC-B49F-7432A5FC7139}.Debug|Mixed Platforms.Build.0 = Debug|x86
		{BA569D8C-09D3-4BFC-B49F-7432A5FC7139}.Debug|x86.ActiveCfg = Debug|x86
		{BA569D8C-09D3-4BFC-B49F-7432A5FC7139}.Debug|x86.Build.0 = Debug|x86
		{BA569D8C-09D3-4BFC-B49F-7432A5FC7139}.Release|Any CPU.ActiveCfg = Release|x86
		{BA569D8C-09D3-4BFC-B49F-7432A5FC7139}.Release|Mixed Platforms.ActiveCfg = Release|x86
		{BA569D8C-09D3-4BFC-B49F-7432A5FC7139}.Release|Mixed Platforms.Build.0 = Release|x86
		{BA569D8C-09D3-4BFC-B49F-7432A5FC7139}.Release|x86.ActiveCfg = Release|x86
		{BA569D8C-09D3-4BFC-B49F-7432A5FC7139}.Release|x86.Build.0 = Release|x86
		{A3F8E581-B021-48CE-934F-79F070D64821}.Debug|Any CPU.ActiveCfg = Debug|Any CPU
		{A3F8E581-B021-48CE-934F-79F070D64821}.Debug|Any CPU.Build.0 = Debug|Any CPU
		{A3F8E581-B021-48CE-934F-79F070D64821}.Debug|Mixed Platforms.ActiveCfg = Debug|Any CPU
		{A3F8E581-B021-48CE-934F-79F070D64821}.Debug|Mixed Platforms.Build.0 = Debug|Any CPU
		{A3F8E581-B021-48CE-934F-79F070D64821}.Debug|x86.ActiveCfg = Debug|Any CPU
		{A3F8E581-B021-48CE-934F-79F070D64821}.Release|Any CPU.ActiveCfg = Release|Any CPU
		{A3F8E581-B021-48CE-934F-79F070D64821}.Release|Any CPU.Build.0 = Release|Any CPU
		{A3F8E581-B021-48CE-934F-79F070D64821}.Release|Mixed Platforms.ActiveCfg = Release|Any CPU
		{A3F8E581-B021-48CE-934F-79F070D64821}.Release|Mixed Platforms.Build.0 = Release|Any CPU
		{A3F8E581-B021-48CE-934F-79F070D64821}.Release|x86.ActiveCfg = Release|Any CPU
	EndGlobalSection
	GlobalSection(SolutionProperties) = preSolution
		HideSolutionNode = FALSE
	EndGlobalSection
EndGlobal
